
Microsoft Visual Studio Solution File, Format Version 12.00
# Visual Studio Version 16
VisualStudioVersion = 16.0.31005.135
MinimumVisualStudioVersion = 10.0.40219.1
Project("{FAE04EC0-301F-11D3-BF4B-00C04F79EFBC}") = "MPZ", "MPZ\MPZ.csproj", "{FCC6E94C-A66E-45BE-822C-6DB62EE852AF}"
EndProject
Global
	GlobalSection(SolutionConfigurationPlatforms) = preSolution
		Debug|Any CPU = Debug|Any CPU
		Release|Any CPU = Release|Any CPU
	EndGlobalSection
	GlobalSection(ProjectConfigurationPlatforms) = postSolution
		{FCC6E94C-A66E-45BE-822C-6DB62EE852AF}.Debug|Any CPU.ActiveCfg = Debug|Any CPU
		{FCC6E94C-A66E-45BE-822C-6DB62EE852AF}.Debug|Any CPU.Build.0 = Debug|Any CPU
		{FCC6E94C-A66E-45BE-822C-6DB62EE852AF}.Release|Any CPU.ActiveCfg = Release|Any CPU
		{FCC6E94C-A66E-45BE-822C-6DB62EE852AF}.Release|Any CPU.Build.0 = Release|Any CPU
	EndGlobalSection
	GlobalSection(SolutionProperties) = preSolution
		HideSolutionNode = FALSE
	EndGlobalSection
	GlobalSection(ExtensibilityGlobals) = postSolution
		SolutionGuid = {8819C969-FF9F-42C4-AB91-88CDBE597569}
	EndGlobalSection
EndGlobal
